dependencies:
- name: logstash
  repository: https://helm.elastic.co
  version: 8.5.1
- name: apache
  repository: https://charts.bitnami.com/bitnami
  version: 11.3.4
- name: prometheus
  repository: https://prometheus-community.github.io/helm-charts
  version: 27.5.1
- name: logstash-exporter
  repository: file://../../chart/
  version: 2.0.0
digest: sha256:9070efd31fb0c93173a1417ec095497b5d8f4f6a147bb6807504b3e0a32a4ef3
generated: "2025-03-05T15:06:37.671126+01:00"
