dependencies:
- name: logstash
  repository: https://helm.elastic.co
  version: 8.5.1
- name: apache
  repository: https://charts.bitnami.com/bitnami
  version: 10.2.4
- name: prometheus
  repository: https://prometheus-community.github.io/helm-charts
  version: 25.8.2
- name: logstash-exporter
  repository: file://../../chart/
  version: 1.0.2
digest: sha256:7d4c4f09f7947734ed527834d32065bebdb655fddd854fe9ba0481d3d9939e7f
generated: "2023-12-26T20:27:15.623329+01:00"
