dependencies:
- name: logstash
  repository: https://helm.elastic.co
  version: 8.5.1
- name: apache
  repository: https://charts.bitnami.com/bitnami
  version: 9.2.23
- name: prometheus
  repository: https://prometheus-community.github.io/helm-charts
  version: 20.2.0
- name: logstash-exporter
  repository: file://../../chart/
  version: v1.0.2
digest: sha256:1733217c222c212aac4b58826c147d7acb2f61fe01ce6985b139050803915d92
generated: "2023-04-12T10:38:00.905306965+02:00"
